
Microsoft Visual Studio Solution File, Format Version 12.00
# Visual Studio Version 17
VisualStudioVersion = 17.4.33205.214
MinimumVisualStudioVersion = 10.0.40219.1
Project("{FAE04EC0-301F-11D3-BF4B-00C04F79EFBC}") = "WeatherApp", "WeatherApp\WeatherApp.csproj", "{1BE5A6C4-C3CC-4B4D-A526-E556B9431333}"
EndProject
Project("{FAE04EC0-301F-11D3-BF4B-00C04F79EFBC}") = "WeatherApp.UnitTest", "WeatherApp.UnitTest\WeatherApp.UnitTest.csproj", "{6068C7DF-16C1-43F8-ADE9-E209BFEA2984}"
EndProject
Global
	GlobalSection(SolutionConfigurationPlatforms) = preSolution
		Debug|Any CPU = Debug|Any CPU
		Release|Any CPU = Release|Any CPU
	EndGlobalSection
	GlobalSection(ProjectConfigurationPlatforms) = postSolution
		{1BE5A6C4-C3CC-4B4D-A526-E556B9431333}.Debug|Any CPU.ActiveCfg = Debug|Any CPU
		{1BE5A6C4-C3CC-4B4D-A526-E556B9431333}.Debug|Any CPU.Build.0 = Debug|Any CPU
		{1BE5A6C4-C3CC-4B4D-A526-E556B9431333}.Release|Any CPU.ActiveCfg = Release|Any CPU
		{1BE5A6C4-C3CC-4B4D-A526-E556B9431333}.Release|Any CPU.Build.0 = Release|Any CPU
		{6068C7DF-16C1-43F8-ADE9-E209BFEA2984}.Debug|Any CPU.ActiveCfg = Debug|Any CPU
		{6068C7DF-16C1-43F8-ADE9-E209BFEA2984}.Debug|Any CPU.Build.0 = Debug|Any CPU
		{6068C7DF-16C1-43F8-ADE9-E209BFEA2984}.Release|Any CPU.ActiveCfg = Release|Any CPU
		{6068C7DF-16C1-43F8-ADE9-E209BFEA2984}.Release|Any CPU.Build.0 = Release|Any CPU
	EndGlobalSection
	GlobalSection(SolutionProperties) = preSolution
		HideSolutionNode = FALSE
	EndGlobalSection
	GlobalSection(ExtensibilityGlobals) = postSolution
		SolutionGuid = {0560A978-C19E-4363-91D2-DCF48BF941B9}
	EndGlobalSection
EndGlobal
